// !$*UTF8*$!
{
	archiveVersion = 1;
	classes = {
	};
	objectVersion = 50;
	objects = {

/* Begin PBXBuildFile section */
		BF243093215EC62B001CA7F9 /* AppDelegate.swift in Sources */ = {isa = PBXBuildFile; fileRef = BF243092215EC62B001CA7F9 /* AppDelegate.swift */; };
		BF243095215EC62B001CA7F9 /* ViewController.swift in Sources */ = {isa = PBXBuildFile; fileRef = BF243094215EC62B001CA7F9 /* ViewController.swift */; };
		BF243098215EC62B001CA7F9 /* Main.storyboard in Resources */ = {isa = PBXBuildFile; fileRef = BF243096215EC62B001CA7F9 /* Main.storyboard */; };
		BF24309B215EC62B001CA7F9 /* CoreDataExample.xcdatamodeld in Sources */ = {isa = PBXBuildFile; fileRef = BF243099215EC62B001CA7F9 /* CoreDataExample.xcdatamodeld */; };
		BF24309D215EC62D001CA7F9 /* Assets.xcassets in Resources */ = {isa = PBXBuildFile; fileRef = BF24309C215EC62D001CA7F9 /* Assets.xcassets */; };
		BF2430A0215EC62D001CA7F9 /* LaunchScreen.storyboard in Resources */ = {isa = PBXBuildFile; fileRef = BF24309E215EC62D001CA7F9 /* LaunchScreen.storyboard */; };
		BF2430AB215EC62D001CA7F9 /* CoreDataExampleTests.swift in Sources */ = {isa = PBXBuildFile; fileRef = BF2430AA215EC62D001CA7F9 /* CoreDataExampleTests.swift */; };
		BF2430B6215EC62D001CA7F9 /* CoreDataExampleUITests.swift in Sources */ = {isa = PBXBuildFile; fileRef = BF2430B5215EC62D001CA7F9 /* CoreDataExampleUITests.swift */; };
/* End PBXBuildFile section */

/* Begin PBXContainerItemProxy section */
		BF2430A7215EC62D001CA7F9 /* PBXContainerItemProxy */ = {
			isa = PBXContainerItemProxy;
			containerPortal = BF243087215EC62B001CA7F9 /* Project object */;
			proxyType = 1;
			remoteGlobalIDString = BF24308E215EC62B001CA7F9;
			remoteInfo = CoreDataExample;
		};
		BF2430B2215EC62D001CA7F9 /* PBXContainerItemProxy */ = {
			isa = PBXContainerItemProxy;
			containerPortal = BF243087215EC62B001CA7F9 /* Project object */;
			proxyType = 1;
			remoteGlobalIDString = BF24308E215EC62B001CA7F9;
			remoteInfo = CoreDataExample;
		};
/* End PBXContainerItemProxy section */

/* Begin PBXFileReference section */
		BF24308F215EC62B001CA7F9 /* CoreDataExample.app */ = {isa = PBXFileReference; explicitFileType = wrapper.application; includeInIndex = 0; path = CoreDataExample.app; sourceTree = BUILT_PRODUCTS_DIR; };
		BF243092215EC62B001CA7F9 /* AppDelegate.swift */ = {isa = PBXFileReference; lastKnownFileType = sourcecode.swift; path = AppDelegate.swift; sourceTree = "<group>"; };
		BF243094215EC62B001CA7F9 /* ViewController.swift */ = {isa = PBXFileReference; lastKnownFileType = sourcecode.swift; path = ViewController.swift; sourceTree = "<group>"; };
		BF243097215EC62B001CA7F9 /* Base */ = {isa = PBXFileReference; lastKnownFileType = file.storyboard; name = Base; path = Base.lproj/Main.storyboard; sourceTree = "<group>"; };
		BF24309A215EC62B001CA7F9 /* CoreDataExample.xcdatamodel */ = {isa = PBXFileReference; lastKnownFileType = wrapper.xcdatamodel; path = CoreDataExample.xcdatamodel; sourceTree = "<group>"; };
		BF24309C215EC62D001CA7F9 /* Assets.xcassets */ = {isa = PBXFileReference; lastKnownFileType = folder.assetcatalog; path = Assets.xcassets; sourceTree = "<group>"; };
		BF24309F215EC62D001CA7F9 /* Base */ = {isa = PBXFileReference; lastKnownFileType = file.storyboard; name = Base; path = Base.lproj/LaunchScreen.storyboard; sourceTree = "<group>"; };
		BF2430A1215EC62D001CA7F9 /* Info.plist */ = {isa = PBXFileReference; lastKnownFileType = text.plist.xml; path = Info.plist; sourceTree = "<group>"; };
		BF2430A6215EC62D001CA7F9 /* CoreDataExampleTests.xctest */ = {isa = PBXFileReference; explicitFileType = wrapper.cfbundle; includeInIndex = 0; path = CoreDataExampleTests.xctest; sourceTree = BUILT_PRODUCTS_DIR; };
		BF2430AA215EC62D001CA7F9 /* CoreDataExampleTests.swift */ = {isa = PBXFileReference; lastKnownFileType = sourcecode.swift; path = CoreDataExampleTests.swift; sourceTree = "<group>"; };
		BF2430AC215EC62D001CA7F9 /* Info.plist */ = {isa = PBXFileReference; lastKnownFileType = text.plist.xml; path = Info.plist; sourceTree = "<group>"; };
		BF2430B1215EC62D001CA7F9 /* CoreDataExampleUITests.xctest */ = {isa = PBXFileReference; explicitFileType = wrapper.cfbundle; includeInIndex = 0; path = CoreDataExampleUITests.xctest; sourceTree = BUILT_PRODUCTS_DIR; };
		BF2430B5215EC62D001CA7F9 /* CoreDataExampleUITests.swift */ = {isa = PBXFileReference; lastKnownFileType = sourcecode.swift; path = CoreDataExampleUITests.swift; sourceTree = "<group>"; };
		BF2430B7215EC62D001CA7F9 /* Info.plist */ = {isa = PBXFileReference; lastKnownFileType = text.plist.xml; path = Info.plist; sourceTree = "<group>"; };
/* End PBXFileReference section */

/* Begin PBXFrameworksBuildPhase section */
		BF24308C215EC62B001CA7F9 /* Frameworks */ = {
			isa = PBXFrameworksBuildPhase;
			buildActionMask = 2147483647;
			files = (
			);
			runOnlyForDeploymentPostprocessing = 0;
		};
		BF2430A3215EC62D001CA7F9 /* Frameworks */ = {
			isa = PBXFrameworksBuildPhase;
			buildActionMask = 2147483647;
			files = (
			);
			runOnlyForDeploymentPostprocessing = 0;
		};
		BF2430AE215EC62D001CA7F9 /* Frameworks */ = {
			isa = PBXFrameworksBuildPhase;
			buildActionMask = 2147483647;
			files = (
			);
			runOnlyForDeploymentPostprocessing = 0;
		};
/* End PBXFrameworksBuildPhase section */

/* Begin PBXGroup section */
		BF243086215EC62B001CA7F9 = {
			isa = PBXGroup;
			children = (
				BF243091215EC62B001CA7F9 /* CoreDataExample */,
				BF2430A9215EC62D001CA7F9 /* CoreDataExampleTests */,
				BF2430B4215EC62D001CA7F9 /* CoreDataExampleUITests */,
				BF243090215EC62B001CA7F9 /* Products */,
			);
			sourceTree = "<group>";
		};
		BF243090215EC62B001CA7F9 /* Products */ = {
			isa = PBXGroup;
			children = (
				BF24308F215EC62B001CA7F9 /* CoreDataExample.app */,
				BF2430A6215EC62D001CA7F9 /* CoreDataExampleTests.xctest */,
				BF2430B1215EC62D001CA7F9 /* CoreDataExampleUITests.xctest */,
			);
			name = Products;
			sourceTree = "<group>";
		};
		BF243091215EC62B001CA7F9 /* CoreDataExample */ = {
			isa = PBXGroup;
			children = (
				BF243092215EC62B001CA7F9 /* AppDelegate.swift */,
				BF243094215EC62B001CA7F9 /* ViewController.swift */,
				BF243096215EC62B001CA7F9 /* Main.storyboard */,
				BF24309C215EC62D001CA7F9 /* Assets.xcassets */,
				BF24309E215EC62D001CA7F9 /* LaunchScreen.storyboard */,
				BF2430A1215EC62D001CA7F9 /* Info.plist */,
				BF243099215EC62B001CA7F9 /* CoreDataExample.xcdatamodeld */,
			);
			path = CoreDataExample;
			sourceTree = "<group>";
		};
		BF2430A9215EC62D001CA7F9 /* CoreDataExampleTests */ = {
			isa = PBXGroup;
			children = (
				BF2430AA215EC62D001CA7F9 /* CoreDataExampleTests.swift */,
				BF2430AC215EC62D001CA7F9 /* Info.plist */,
			);
			path = CoreDataExampleTests;
			sourceTree = "<group>";
		};
		BF2430B4215EC62D001CA7F9 /* CoreDataExampleUITests */ = {
			isa = PBXGroup;
			children = (
				BF2430B5215EC62D001CA7F9 /* CoreDataExampleUITests.swift */,
				BF2430B7215EC62D001CA7F9 /* Info.plist */,
			);
			path = CoreDataExampleUITests;
			sourceTree = "<group>";
		};
/* End PBXGroup section */

/* Begin PBXNativeTarget section */
		BF24308E215EC62B001CA7F9 /* CoreDataExample */ = {
			isa = PBXNativeTarget;
			buildConfigurationList = BF2430BA215EC62D001CA7F9 /* Build configuration list for PBXNativeTarget "CoreDataExample" */;
			buildPhases = (
				BF24308B215EC62B001CA7F9 /* Sources */,
				BF24308C215EC62B001CA7F9 /* Frameworks */,
				BF24308D215EC62B001CA7F9 /* Resources */,
			);
			buildRules = (
			);
			dependencies = (
			);
			name = CoreDataExample;
			productName = CoreDataExample;
			productReference = BF24308F215EC62B001CA7F9 /* CoreDataExample.app */;
			productType = "com.apple.product-type.application";
		};
		BF2430A5215EC62D001CA7F9 /* CoreDataExampleTests */ = {
			isa = PBXNativeTarget;
			buildConfigurationList = BF2430BD215EC62D001CA7F9 /* Build configuration list for PBXNativeTarget "CoreDataExampleTests" */;
			buildPhases = (
				BF2430A2215EC62D001CA7F9 /* Sources */,
				BF2430A3215EC62D001CA7F9 /* Frameworks */,
				BF2430A4215EC62D001CA7F9 /* Resources */,
			);
			buildRules = (
			);
			dependencies = (
				BF2430A8215EC62D001CA7F9 /* PBXTargetDependency */,
			);
			name = CoreDataExampleTests;
			productName = CoreDataExampleTests;
			productReference = BF2430A6215EC62D001CA7F9 /* CoreDataExampleTests.xctest */;
			productType = "com.apple.product-type.bundle.unit-test";
		};
		BF2430B0215EC62D001CA7F9 /* CoreDataExampleUITests */ = {
			isa = PBXNativeTarget;
			buildConfigurationList = BF2430C0215EC62D001CA7F9 /* Build configuration list for PBXNativeTarget "CoreDataExampleUITests" */;
			buildPhases = (
				BF2430AD215EC62D001CA7F9 /* Sources */,
				BF2430AE215EC62D001CA7F9 /* Frameworks */,
				BF2430AF215EC62D001CA7F9 /* Resources */,
			);
			buildRules = (
			);
			dependencies = (
				BF2430B3215EC62D001CA7F9 /* PBXTargetDependency */,
			);
			name = CoreDataExampleUITests;
			productName = CoreDataExampleUITests;
			productReference = BF2430B1215EC62D001CA7F9 /* CoreDataExampleUITests.xctest */;
			productType = "com.apple.product-type.bundle.ui-testing";
		};
/* End PBXNativeTarget section */

/* Begin PBXProject section */
		BF243087215EC62B001CA7F9 /* Project object */ = {
			isa = PBXProject;
			attributes = {
				LastSwiftUpdateCheck = 1000;
				LastUpgradeCheck = 1000;
				ORGANIZATIONNAME = "Adrian Pascual Dominguez";
				TargetAttributes = {
					BF24308E215EC62B001CA7F9 = {
						CreatedOnToolsVersion = 10.0;
					};
					BF2430A5215EC62D001CA7F9 = {
						CreatedOnToolsVersion = 10.0;
						TestTargetID = BF24308E215EC62B001CA7F9;
					};
					BF2430B0215EC62D001CA7F9 = {
						CreatedOnToolsVersion = 10.0;
						TestTargetID = BF24308E215EC62B001CA7F9;
					};
				};
			};
			buildConfigurationList = BF24308A215EC62B001CA7F9 /* Build configuration list for PBXProject "CoreDataExample" */;
			compatibilityVersion = "Xcode 9.3";
			developmentRegion = en;
			hasScannedForEncodings = 0;
			knownRegions = (
				en,
				Base,
			);
			mainGroup = BF243086215EC62B001CA7F9;
			productRefGroup = BF243090215EC62B001CA7F9 /* Products */;
			projectDirPath = "";
			projectRoot = "";
			targets = (
				BF24308E215EC62B001CA7F9 /* CoreDataExample */,
				BF2430A5215EC62D001CA7F9 /* CoreDataExampleTests */,
				BF2430B0215EC62D001CA7F9 /* CoreDataExampleUITests */,
			);
		};
/* End PBXProject section */

/* Begin PBXResourcesBuildPhase section */
		BF24308D215EC62B001CA7F9 /* Resources */ = {
			isa = PBXResourcesBuildPhase;
			buildActionMask = 2147483647;
			files = (
				BF2430A0215EC62D001CA7F9 /* LaunchScreen.storyboard in Resources */,
				BF24309D215EC62D001CA7F9 /* Assets.xcassets in Resources */,
				BF243098215EC62B001CA7F9 /* Main.storyboard in Resources */,
			);
			runOnlyForDeploymentPostprocessing = 0;
		};
		BF2430A4215EC62D001CA7F9 /* Resources */ = {
			isa = PBXResourcesBuildPhase;
			buildActionMask = 2147483647;
			files = (
			);
			runOnlyForDeploymentPostprocessing = 0;
		};
		BF2430AF215EC62D001CA7F9 /* Resources */ = {
			isa = PBXResourcesBuildPhase;
			buildActionMask = 2147483647;
			files = (
			);
			runOnlyForDeploymentPostprocessing = 0;
		};
/* End PBXResourcesBuildPhase section */

/* Begin PBXSourcesBuildPhase section */
		BF24308B215EC62B001CA7F9 /* Sources */ = {
			isa = PBXSourcesBuildPhase;
			buildActionMask = 2147483647;
			files = (
				BF243095215EC62B001CA7F9 /* ViewController.swift in Sources */,
				BF243093215EC62B001CA7F9 /* AppDelegate.swift in Sources */,
				BF24309B215EC62B001CA7F9 /* CoreDataExample.xcdatamodeld in Sources */,
			);
			runOnlyForDeploymentPostprocessing = 0;
		};
		BF2430A2215EC62D001CA7F9 /* Sources */ = {
			isa = PBXSourcesBuildPhase;
			buildActionMask = 2147483647;
			files = (
				BF2430AB215EC62D001CA7F9 /* CoreDataExampleTests.swift in Sources */,
			);
			runOnlyForDeploymentPostprocessing = 0;
		};
		BF2430AD215EC62D001CA7F9 /* Sources */ = {
			isa = PBXSourcesBuildPhase;
			buildActionMask = 2147483647;
			files = (
				BF2430B6215EC62D001CA7F9 /* CoreDataExampleUITests.swift in Sources */,
			);
			runOnlyForDeploymentPostprocessing = 0;
		};
/* End PBXSourcesBuildPhase section */

/* Begin PBXTargetDependency section */
		BF2430A8215EC62D001CA7F9 /* PBXTargetDependency */ = {
			isa = PBXTargetDependency;
			target = BF24308E215EC62B001CA7F9 /* CoreDataExample */;
			targetProxy = BF2430A7215EC62D001CA7F9 /* PBXContainerItemProxy */;
		};
		BF2430B3215EC62D001CA7F9 /* PBXTargetDependency */ = {
			isa = PBXTargetDependency;
			target = BF24308E215EC62B001CA7F9 /* CoreDataExample */;
			targetProxy = BF2430B2215EC62D001CA7F9 /* PBXContainerItemProxy */;
		};
/* End PBXTargetDependency section */

/* Begin PBXVariantGroup section */
		BF243096215EC62B001CA7F9 /* Main.storyboard */ = {
			isa = PBXVariantGroup;
			children = (
				BF243097215EC62B001CA7F9 /* Base */,
			);
			name = Main.storyboard;
			sourceTree = "<group>";
		};
		BF24309E215EC62D001CA7F9 /* LaunchScreen.storyboard */ = {
			isa = PBXVariantGroup;
			children = (
				BF24309F215EC62D001CA7F9 /* Base */,
			);
			name = LaunchScreen.storyboard;
			sourceTree = "<group>";
		};
/* End PBXVariantGroup section */

/* Begin XCBuildConfiguration section */
		BF2430B8215EC62D001CA7F9 /* Debug */ = {
			isa = XCBuildConfiguration;
			buildSettings = {
				ALWAYS_SEARCH_USER_PATHS = NO;
				CLANG_ANALYZER_NONNULL = YES;
				CLANG_ANALYZER_NUMBER_OBJECT_CONVERSION = YES_AGGRESSIVE;
				CLANG_CXX_LANGUAGE_STANDARD = "gnu++14";
				CLANG_CXX_LIBRARY = "libc++";
				CLANG_ENABLE_MODULES = YES;
				CLANG_ENABLE_OBJC_ARC = YES;
				CLANG_ENABLE_OBJC_WEAK = YES;
				CLANG_WARN_BLOCK_CAPTURE_AUTORELEASING = YES;
				CLANG_WARN_BOOL_CONVERSION = YES;
				CLANG_WARN_COMMA = YES;
				CLANG_WARN_CONSTANT_CONVERSION = YES;
				CLANG_WARN_DEPRECATED_OBJC_IMPLEMENTATIONS = YES;
				CLANG_WARN_DIRECT_OBJC_ISA_USAGE = YES_ERROR;
				CLANG_WARN_DOCUMENTATION_COMMENTS = YES;
				CLANG_WARN_EMPTY_BODY = YES;
				CLANG_WARN_ENUM_CONVERSION = YES;
				CLANG_WARN_INFINITE_RECURSION = YES;
				CLANG_WARN_INT_CONVERSION = YES;
				CLANG_WARN_NON_LITERAL_NULL_CONVERSION = YES;
				CLANG_WARN_OBJC_IMPLICIT_RETAIN_SELF = YES;
				CLANG_WARN_OBJC_LITERAL_CONVERSION = YES;
				CLANG_WARN_OBJC_ROOT_CLASS = YES_ERROR;
				CLANG_WARN_RANGE_LOOP_ANALYSIS = YES;
				CLANG_WARN_STRICT_PROTOTYPES = YES;
				CLANG_WARN_SUSPICIOUS_MOVE = YES;
				CLANG_WARN_UNGUARDED_AVAILABILITY = YES_AGGRESSIVE;
				CLANG_WARN_UNREACHABLE_CODE = YES;
				CLANG_WARN__DUPLICATE_METHOD_MATCH = YES;
				CODE_SIGN_IDENTITY = "iPhone Developer";
				COPY_PHASE_STRIP = NO;
				DEBUG_INFORMATION_FORMAT = dwarf;
				ENABLE_STRICT_OBJC_MSGSEND = YES;
				ENABLE_TESTABILITY = YES;
				GCC_C_LANGUAGE_STANDARD = gnu11;
				GCC_DYNAMIC_NO_PIC = NO;
				GCC_NO_COMMON_BLOCKS = YES;
				GCC_OPTIMIZATION_LEVEL = 0;
				GCC_PREPROCESSOR_DEFINITIONS = (
					"DEBUG=1",
					"$(inherited)",
				);
				GCC_WARN_64_TO_32_BIT_CONVERSION = YES;
				GCC_WARN_ABOUT_RETURN_TYPE = YES_ERROR;
				GCC_WARN_UNDECLARED_SELECTOR = YES;
				GCC_WARN_UNINITIALIZED_AUTOS = YES_AGGRESSIVE;
				GCC_WARN_UNUSED_FUNCTION = YES;
				GCC_WARN_UNUSED_VARIABLE = YES;
				IPHONEOS_DEPLOYMENT_TARGET = 12.0;
				MTL_ENABLE_DEBUG_INFO = INCLUDE_SOURCE;
				MTL_FAST_MATH = YES;
				ONLY_ACTIVE_ARCH = YES;
				SDKROOT = iphoneos;
				SWIFT_ACTIVE_COMPILATION_CONDITIONS = DEBUG;
				SWIFT_OPTIMIZATION_LEVEL = "-Onone";
			};
			name = Debug;
		};
		BF2430B9215EC62D001CA7F9 /* Release */ = {
			isa = XCBuildConfiguration;
			buildSettings = {
				ALWAYS_SEARCH_USER_PATHS = NO;
				CLANG_ANALYZER_NONNULL = YES;
				CLANG_ANALYZER_NUMBER_OBJECT_CONVERSION = YES_AGGRESSIVE;
				CLANG_CXX_LANGUAGE_STANDARD = "gnu++14";
				CLANG_CXX_LIBRARY = "libc++";
				CLANG_ENABLE_MODULES = YES;
				CLANG_ENABLE_OBJC_ARC = YES;
				CLANG_ENABLE_OBJC_WEAK = YES;
				CLANG_WARN_BLOCK_CAPTURE_AUTORELEASING = YES;
				CLANG_WARN_BOOL_CONVERSION = YES;
				CLANG_WARN_COMMA = YES;
				CLANG_WARN_CONSTANT_CONVERSION = YES;
				CLANG_WARN_DEPRECATED_OBJC_IMPLEMENTATIONS = YES;
				CLANG_WARN_DIRECT_OBJC_ISA_USAGE = YES_ERROR;
				CLANG_WARN_DOCUMENTATION_COMMENTS = YES;
				CLANG_WARN_EMPTY_BODY = YES;
				CLANG_WARN_ENUM_CONVERSION = YES;
				CLANG_WARN_INFINITE_RECURSION = YES;
				CLANG_WARN_INT_CONVERSION = YES;
				CLANG_WARN_NON_LITERAL_NULL_CONVERSION = YES;
				CLANG_WARN_OBJC_IMPLICIT_RETAIN_SELF = YES;
				CLANG_WARN_OBJC_LITERAL_CONVERSION = YES;
				CLANG_WARN_OBJC_ROOT_CLASS = YES_ERROR;
				CLANG_WARN_RANGE_LOOP_ANALYSIS = YES;
				CLANG_WARN_STRICT_PROTOTYPES = YES;
				CLANG_WARN_SUSPICIOUS_MOVE = YES;
				CLANG_WARN_UNGUARDED_AVAILABILITY = YES_AGGRESSIVE;
				CLANG_WARN_UNREACHABLE_CODE = YES;
				CLANG_WARN__DUPLICATE_METHOD_MATCH = YES;
				CODE_SIGN_IDENTITY = "iPhone Developer";
				COPY_PHASE_STRIP = NO;
				DEBUG_INFORMATION_FORMAT = "dwarf-with-dsym";
				ENABLE_NS_ASSERTIONS = NO;
				ENABLE_STRICT_OBJC_MSGSEND = YES;
				GCC_C_LANGUAGE_STANDARD = gnu11;
				GCC_NO_COMMON_BLOCKS = YES;
				GCC_WARN_64_TO_32_BIT_CONVERSION = YES;
				GCC_WARN_ABOUT_RETURN_TYPE = YES_ERROR;
				GCC_WARN_UNDECLARED_SELECTOR = YES;
				GCC_WARN_UNINITIALIZED_AUTOS = YES_AGGRESSIVE;
				GCC_WARN_UNUSED_FUNCTION = YES;
				GCC_WARN_UNUSED_VARIABLE = YES;
				IPHONEOS_DEPLOYMENT_TARGET = 12.0;
				MTL_ENABLE_DEBUG_INFO = NO;
				MTL_FAST_MATH = YES;
				SDKROOT = iphoneos;
				SWIFT_COMPILATION_MODE = wholemodule;
				SWIFT_OPTIMIZATION_LEVEL = "-O";
				VALIDATE_PRODUCT = YES;
			};
			name = Release;
		};
		BF2430BB215EC62D001CA7F9 /* Debug */ = {
			isa = XCBuildConfiguration;
			buildSettings = {
				ASSETCATALOG_COMPILER_APPICON_NAME = AppIcon;
				CODE_SIGN_STYLE = Automatic;
				DEVELOPMENT_TEAM = E6NT6FDC5U;
				INFOPLIST_FILE = CoreDataExample/Info.plist;
				LD_RUNPATH_SEARCH_PATHS = (
					"$(inherited)",
					"@executable_path/Frameworks",
				);
				PRODUCT_BUNDLE_IDENTIFIER = Adriandgzg.CoreDataExample;
				PRODUCT_NAME = "$(TARGET_NAME)";
				SWIFT_VERSION = 4.2;
				TARGETED_DEVICE_FAMILY = "1,2";
			};
			name = Debug;
		};
		BF2430BC215EC62D001CA7F9 /* Release */ = {
			isa = XCBuildConfiguration;
			buildSettings = {
				ASSETCATALOG_COMPILER_APPICON_NAME = AppIcon;
				CODE_SIGN_STYLE = Automatic;
				DEVELOPMENT_TEAM = E6NT6FDC5U;
				INFOPLIST_FILE = CoreDataExample/Info.plist;
				LD_RUNPATH_SEARCH_PATHS = (
					"$(inherited)",
					"@executable_path/Frameworks",
				);
				PRODUCT_BUNDLE_IDENTIFIER = Adriandgzg.CoreDataExample;
				PRODUCT_NAME = "$(TARGET_NAME)";
				SWIFT_VERSION = 4.2;
				TARGETED_DEVICE_FAMILY = "1,2";
			};
			name = Release;
		};
		BF2430BE215EC62D001CA7F9 /* Debug */ = {
			isa = XCBuildConfiguration;
			buildSettings = {
				ALWAYS_EMBED_SWIFT_STANDARD_LIBRARIES = YES;
				BUNDLE_LOADER = "$(TEST_HOST)";
				CODE_SIGN_STYLE = Automatic;
				DEVELOPMENT_TEAM = E6NT6FDC5U;
				INFOPLIST_FILE = CoreDataExampleTests/Info.plist;
				LD_RUNPATH_SEARCH_PATHS = (
					"$(inherited)",
					"@executable_path/Frameworks",
					"@loader_path/Frameworks",
				);
				PRODUCT_BUNDLE_IDENTIFIER = Adriandgzg.CoreDataExampleTests;
				PRODUCT_NAME = "$(TARGET_NAME)";
				SWIFT_VERSION = 4.2;
				TARGETED_DEVICE_FAMILY = "1,2";
				TEST_HOST = "$(BUILT_PRODUCTS_DIR)/CoreDataExample.app/CoreDataExample";
			};
			name = Debug;
		};
		BF2430BF215EC62D001CA7F9 /* Release */ = {
			isa = XCBuildConfiguration;
			buildSettings = {
				ALWAYS_EMBED_SWIFT_STANDARD_LIBRARIES = YES;
				BUNDLE_LOADER = "$(TEST_HOST)";
				CODE_SIGN_STYLE = Automatic;
				DEVELOPMENT_TEAM = E6NT6FDC5U;
				INFOPLIST_FILE = CoreDataExampleTests/Info.plist;
				LD_RUNPATH_SEARCH_PATHS = (
					"$(inherited)",
					"@executable_path/Frameworks",
					"@loader_path/Frameworks",
				);
				PRODUCT_BUNDLE_IDENTIFIER = Adriandgzg.CoreDataExampleTests;
				PRODUCT_NAME = "$(TARGET_NAME)";
				SWIFT_VERSION = 4.2;
				TARGETED_DEVICE_FAMILY = "1,2";
				TEST_HOST = "$(BUILT_PRODUCTS_DIR)/CoreDataExample.app/CoreDataExample";
			};
			name = Release;
		};
		BF2430C1215EC62D001CA7F9 /* Debug */ = {
			isa = XCBuildConfiguration;
			buildSettings = {
				ALWAYS_EMBED_SWIFT_STANDARD_LIBRARIES = YES;
				CODE_SIGN_STYLE = Automatic;
				DEVELOPMENT_TEAM = E6NT6FDC5U;
				INFOPLIST_FILE = CoreDataExampleUITests/Info.plist;
				LD_RUNPATH_SEARCH_PATHS = (
					"$(inherited)",
					"@executable_path/Frameworks",
					"@loader_path/Frameworks",
				);
				PRODUCT_BUNDLE_IDENTIFIER = Adriandgzg.CoreDataExampleUITests;
				PRODUCT_NAME = "$(TARGET_NAME)";
				SWIFT_VERSION = 4.2;
				TARGETED_DEVICE_FAMILY = "1,2";
				TEST_TARGET_NAME = CoreDataExample;
			};
			name = Debug;
		};
		BF2430C2215EC62D001CA7F9 /* Release */ = {
			isa = XCBuildConfiguration;
			buildSettings = {
				ALWAYS_EMBED_SWIFT_STANDARD_LIBRARIES = YES;
				CODE_SIGN_STYLE = Automatic;
				DEVELOPMENT_TEAM = E6NT6FDC5U;
				INFOPLIST_FILE = CoreDataExampleUITests/Info.plist;
				LD_RUNPATH_SEARCH_PATHS = (
					"$(inherited)",
					"@executable_path/Frameworks",
					"@loader_path/Frameworks",
				);
				PRODUCT_BUNDLE_IDENTIFIER = Adriandgzg.CoreDataExampleUITests;
				PRODUCT_NAME = "$(TARGET_NAME)";
				SWIFT_VERSION = 4.2;
				TARGETED_DEVICE_FAMILY = "1,2";
				TEST_TARGET_NAME = CoreDataExample;
			};
			name = Release;
		};
/* End XCBuildConfiguration section */

/* Begin XCConfigurationList section */
		BF24308A215EC62B001CA7F9 /* Build configuration list for PBXProject "CoreDataExample" */ = {
			isa = XCConfigurationList;
			buildConfigurations = (
				BF2430B8215EC62D001CA7F9 /* Debug */,
				BF2430B9215EC62D001CA7F9 /* Release */,
			);
			defaultConfigurationIsVisible = 0;
			defaultConfigurationName = Release;
		};
		BF2430BA215EC62D001CA7F9 /* Build configuration list for PBXNativeTarget "CoreDataExample" */ = {
			isa = XCConfigurationList;
			buildConfigurations = (
				BF2430BB215EC62D001CA7F9 /* Debug */,
				BF2430BC215EC62D001CA7F9 /* Release */,
			);
			defaultConfigurationIsVisible = 0;
			defaultConfigurationName = Release;
		};
		BF2430BD215EC62D001CA7F9 /* Build configuration list for PBXNativeTarget "CoreDataExampleTests" */ = {
			isa = XCConfigurationList;
			buildConfigurations = (
				BF2430BE215EC62D001CA7F9 /* Debug */,
				BF2430BF215EC62D001CA7F9 /* Release */,
			);
			defaultConfigurationIsVisible = 0;
			defaultConfigurationName = Release;
		};
		BF2430C0215EC62D001CA7F9 /* Build configuration list for PBXNativeTarget "CoreDataExampleUITests" */ = {
			isa = XCConfigurationList;
			buildConfigurations = (
				BF2430C1215EC62D001CA7F9 /* Debug */,
				BF2430C2215EC62D001CA7F9 /* Release */,
			);
			defaultConfigurationIsVisible = 0;
			defaultConfigurationName = Release;
		};
/* End XCConfigurationList section */

/* Begin XCVersionGroup section */
		BF243099215EC62B001CA7F9 /* CoreDataExample.xcdatamodeld */ = {
			isa = XCVersionGroup;
			children = (
				BF24309A215EC62B001CA7F9 /* CoreDataExample.xcdatamodel */,
			);
			currentVersion = BF24309A215EC62B001CA7F9 /* CoreDataExample.xcdatamodel */;
			path = CoreDataExample.xcdatamodeld;
			sourceTree = "<group>";
			versionGroupType = wrapper.xcdatamodel;
		};
/* End XCVersionGroup section */
	};
	rootObject = BF243087215EC62B001CA7F9 /* Project object */;
}
