// !$*UTF8*$!
{
	archiveVersion = 1;
	classes = {
	};
	objectVersion = 50;
	objects = {

/* Begin PBXBuildFile section */
		BF29B673214079CC00C9E99C /* AppDelegate.swift in Sources */ = {isa = PBXBuildFile; fileRef = BF29B672214079CC00C9E99C /* AppDelegate.swift */; };
		BF29B675214079CD00C9E99C /* ViewController.swift in Sources */ = {isa = PBXBuildFile; fileRef = BF29B674214079CD00C9E99C /* ViewController.swift */; };
		BF29B678214079CD00C9E99C /* Main.storyboard in Resources */ = {isa = PBXBuildFile; fileRef = BF29B676214079CD00C9E99C /* Main.storyboard */; };
		BF29B67A214079CD00C9E99C /* Assets.xcassets in Resources */ = {isa = PBXBuildFile; fileRef = BF29B679214079CD00C9E99C /* Assets.xcassets */; };
		BF29B67D214079CD00C9E99C /* LaunchScreen.storyboard in Resources */ = {isa = PBXBuildFile; fileRef = BF29B67B214079CD00C9E99C /* LaunchScreen.storyboard */; };
		BF29B688214079CD00C9E99C /* testTests.swift in Sources */ = {isa = PBXBuildFile; fileRef = BF29B687214079CD00C9E99C /* testTests.swift */; };
		BF29B693214079CD00C9E99C /* testUITests.swift in Sources */ = {isa = PBXBuildFile; fileRef = BF29B692214079CD00C9E99C /* testUITests.swift */; };
		BF29B6A1214079F200C9E99C /* test.swift in Sources */ = {isa = PBXBuildFile; fileRef = BF29B6A0214079F200C9E99C /* test.swift */; };
/* End PBXBuildFile section */

/* Begin PBXContainerItemProxy section */
		BF29B684214079CD00C9E99C /* PBXContainerItemProxy */ = {
			isa = PBXContainerItemProxy;
			containerPortal = BF29B667214079CC00C9E99C /* Project object */;
			proxyType = 1;
			remoteGlobalIDString = BF29B66E214079CC00C9E99C;
			remoteInfo = test;
		};
		BF29B68F214079CD00C9E99C /* PBXContainerItemProxy */ = {
			isa = PBXContainerItemProxy;
			containerPortal = BF29B667214079CC00C9E99C /* Project object */;
			proxyType = 1;
			remoteGlobalIDString = BF29B66E214079CC00C9E99C;
			remoteInfo = test;
		};
/* End PBXContainerItemProxy section */

/* Begin PBXFileReference section */
		BF29B66F214079CC00C9E99C /* test.app */ = {isa = PBXFileReference; explicitFileType = wrapper.application; includeInIndex = 0; path = test.app; sourceTree = BUILT_PRODUCTS_DIR; };
		BF29B672214079CC00C9E99C /* AppDelegate.swift */ = {isa = PBXFileReference; lastKnownFileType = sourcecode.swift; path = AppDelegate.swift; sourceTree = "<group>"; };
		BF29B674214079CD00C9E99C /* ViewController.swift */ = {isa = PBXFileReference; lastKnownFileType = sourcecode.swift; path = ViewController.swift; sourceTree = "<group>"; };
		BF29B677214079CD00C9E99C /* Base */ = {isa = PBXFileReference; lastKnownFileType = file.storyboard; name = Base; path = Base.lproj/Main.storyboard; sourceTree = "<group>"; };
		BF29B679214079CD00C9E99C /* Assets.xcassets */ = {isa = PBXFileReference; lastKnownFileType = folder.assetcatalog; path = Assets.xcassets; sourceTree = "<group>"; };
		BF29B67C214079CD00C9E99C /* Base */ = {isa = PBXFileReference; lastKnownFileType = file.storyboard; name = Base; path = Base.lproj/LaunchScreen.storyboard; sourceTree = "<group>"; };
		BF29B67E214079CD00C9E99C /* Info.plist */ = {isa = PBXFileReference; lastKnownFileType = text.plist.xml; path = Info.plist; sourceTree = "<group>"; };
		BF29B683214079CD00C9E99C /* testTests.xctest */ = {isa = PBXFileReference; explicitFileType = wrapper.cfbundle; includeInIndex = 0; path = testTests.xctest; sourceTree = BUILT_PRODUCTS_DIR; };
		BF29B687214079CD00C9E99C /* testTests.swift */ = {isa = PBXFileReference; lastKnownFileType = sourcecode.swift; path = testTests.swift; sourceTree = "<group>"; };
		BF29B689214079CD00C9E99C /* Info.plist */ = {isa = PBXFileReference; lastKnownFileType = text.plist.xml; path = Info.plist; sourceTree = "<group>"; };
		BF29B68E214079CD00C9E99C /* testUITests.xctest */ = {isa = PBXFileReference; explicitFileType = wrapper.cfbundle; includeInIndex = 0; path = testUITests.xctest; sourceTree = BUILT_PRODUCTS_DIR; };
		BF29B692214079CD00C9E99C /* testUITests.swift */ = {isa = PBXFileReference; lastKnownFileType = sourcecode.swift; path = testUITests.swift; sourceTree = "<group>"; };
		BF29B694214079CD00C9E99C /* Info.plist */ = {isa = PBXFileReference; lastKnownFileType = text.plist.xml; path = Info.plist; sourceTree = "<group>"; };
		BF29B6A0214079F200C9E99C /* test.swift */ = {isa = PBXFileReference; lastKnownFileType = sourcecode.swift; path = test.swift; sourceTree = "<group>"; };
/* End PBXFileReference section */

/* Begin PBXFrameworksBuildPhase section */
		BF29B66C214079CC00C9E99C /* Frameworks */ = {
			isa = PBXFrameworksBuildPhase;
			buildActionMask = 2147483647;
			files = (
			);
			runOnlyForDeploymentPostprocessing = 0;
		};
		BF29B680214079CD00C9E99C /* Frameworks */ = {
			isa = PBXFrameworksBuildPhase;
			buildActionMask = 2147483647;
			files = (
			);
			runOnlyForDeploymentPostprocessing = 0;
		};
		BF29B68B214079CD00C9E99C /* Frameworks */ = {
			isa = PBXFrameworksBuildPhase;
			buildActionMask = 2147483647;
			files = (
			);
			runOnlyForDeploymentPostprocessing = 0;
		};
/* End PBXFrameworksBuildPhase section */

/* Begin PBXGroup section */
		BF29B666214079CC00C9E99C = {
			isa = PBXGroup;
			children = (
				BF29B671214079CC00C9E99C /* test */,
				BF29B686214079CD00C9E99C /* testTests */,
				BF29B691214079CD00C9E99C /* testUITests */,
				BF29B670214079CC00C9E99C /* Products */,
			);
			sourceTree = "<group>";
		};
		BF29B670214079CC00C9E99C /* Products */ = {
			isa = PBXGroup;
			children = (
				BF29B66F214079CC00C9E99C /* test.app */,
				BF29B683214079CD00C9E99C /* testTests.xctest */,
				BF29B68E214079CD00C9E99C /* testUITests.xctest */,
			);
			name = Products;
			sourceTree = "<group>";
		};
		BF29B671214079CC00C9E99C /* test */ = {
			isa = PBXGroup;
			children = (
				BF29B672214079CC00C9E99C /* AppDelegate.swift */,
				BF29B6A0214079F200C9E99C /* test.swift */,
				BF29B674214079CD00C9E99C /* ViewController.swift */,
				BF29B676214079CD00C9E99C /* Main.storyboard */,
				BF29B679214079CD00C9E99C /* Assets.xcassets */,
				BF29B67B214079CD00C9E99C /* LaunchScreen.storyboard */,
				BF29B67E214079CD00C9E99C /* Info.plist */,
			);
			path = test;
			sourceTree = "<group>";
		};
		BF29B686214079CD00C9E99C /* testTests */ = {
			isa = PBXGroup;
			children = (
				BF29B687214079CD00C9E99C /* testTests.swift */,
				BF29B689214079CD00C9E99C /* Info.plist */,
			);
			path = testTests;
			sourceTree = "<group>";
		};
		BF29B691214079CD00C9E99C /* testUITests */ = {
			isa = PBXGroup;
			children = (
				BF29B692214079CD00C9E99C /* testUITests.swift */,
				BF29B694214079CD00C9E99C /* Info.plist */,
			);
			path = testUITests;
			sourceTree = "<group>";
		};
/* End PBXGroup section */

/* Begin PBXNativeTarget section */
		BF29B66E214079CC00C9E99C /* test */ = {
			isa = PBXNativeTarget;
			buildConfigurationList = BF29B697214079CD00C9E99C /* Build configuration list for PBXNativeTarget "test" */;
			buildPhases = (
				BF29B66B214079CC00C9E99C /* Sources */,
				BF29B66C214079CC00C9E99C /* Frameworks */,
				BF29B66D214079CC00C9E99C /* Resources */,
			);
			buildRules = (
			);
			dependencies = (
			);
			name = test;
			productName = test;
			productReference = BF29B66F214079CC00C9E99C /* test.app */;
			productType = "com.apple.product-type.application";
		};
		BF29B682214079CD00C9E99C /* testTests */ = {
			isa = PBXNativeTarget;
			buildConfigurationList = BF29B69A214079CD00C9E99C /* Build configuration list for PBXNativeTarget "testTests" */;
			buildPhases = (
				BF29B67F214079CD00C9E99C /* Sources */,
				BF29B680214079CD00C9E99C /* Frameworks */,
				BF29B681214079CD00C9E99C /* Resources */,
			);
			buildRules = (
			);
			dependencies = (
				BF29B685214079CD00C9E99C /* PBXTargetDependency */,
			);
			name = testTests;
			productName = testTests;
			productReference = BF29B683214079CD00C9E99C /* testTests.xctest */;
			productType = "com.apple.product-type.bundle.unit-test";
		};
		BF29B68D214079CD00C9E99C /* testUITests */ = {
			isa = PBXNativeTarget;
			buildConfigurationList = BF29B69D214079CD00C9E99C /* Build configuration list for PBXNativeTarget "testUITests" */;
			buildPhases = (
				BF29B68A214079CD00C9E99C /* Sources */,
				BF29B68B214079CD00C9E99C /* Frameworks */,
				BF29B68C214079CD00C9E99C /* Resources */,
			);
			buildRules = (
			);
			dependencies = (
				BF29B690214079CD00C9E99C /* PBXTargetDependency */,
			);
			name = testUITests;
			productName = testUITests;
			productReference = BF29B68E214079CD00C9E99C /* testUITests.xctest */;
			productType = "com.apple.product-type.bundle.ui-testing";
		};
/* End PBXNativeTarget section */

/* Begin PBXProject section */
		BF29B667214079CC00C9E99C /* Project object */ = {
			isa = PBXProject;
			attributes = {
				LastSwiftUpdateCheck = 0940;
				LastUpgradeCheck = 0940;
				ORGANIZATIONNAME = "Adrian Pascual Dominguez";
				TargetAttributes = {
					BF29B66E214079CC00C9E99C = {
						CreatedOnToolsVersion = 9.4.1;
					};
					BF29B682214079CD00C9E99C = {
						CreatedOnToolsVersion = 9.4.1;
						TestTargetID = BF29B66E214079CC00C9E99C;
					};
					BF29B68D214079CD00C9E99C = {
						CreatedOnToolsVersion = 9.4.1;
						TestTargetID = BF29B66E214079CC00C9E99C;
					};
				};
			};
			buildConfigurationList = BF29B66A214079CC00C9E99C /* Build configuration list for PBXProject "test" */;
			compatibilityVersion = "Xcode 9.3";
			developmentRegion = en;
			hasScannedForEncodings = 0;
			knownRegions = (
				en,
				Base,
			);
			mainGroup = BF29B666214079CC00C9E99C;
			productRefGroup = BF29B670214079CC00C9E99C /* Products */;
			projectDirPath = "";
			projectRoot = "";
			targets = (
				BF29B66E214079CC00C9E99C /* test */,
				BF29B682214079CD00C9E99C /* testTests */,
				BF29B68D214079CD00C9E99C /* testUITests */,
			);
		};
/* End PBXProject section */

/* Begin PBXResourcesBuildPhase section */
		BF29B66D214079CC00C9E99C /* Resources */ = {
			isa = PBXResourcesBuildPhase;
			buildActionMask = 2147483647;
			files = (
				BF29B67D214079CD00C9E99C /* LaunchScreen.storyboard in Resources */,
				BF29B67A214079CD00C9E99C /* Assets.xcassets in Resources */,
				BF29B678214079CD00C9E99C /* Main.storyboard in Resources */,
			);
			runOnlyForDeploymentPostprocessing = 0;
		};
		BF29B681214079CD00C9E99C /* Resources */ = {
			isa = PBXResourcesBuildPhase;
			buildActionMask = 2147483647;
			files = (
			);
			runOnlyForDeploymentPostprocessing = 0;
		};
		BF29B68C214079CD00C9E99C /* Resources */ = {
			isa = PBXResourcesBuildPhase;
			buildActionMask = 2147483647;
			files = (
			);
			runOnlyForDeploymentPostprocessing = 0;
		};
/* End PBXResourcesBuildPhase section */

/* Begin PBXSourcesBuildPhase section */
		BF29B66B214079CC00C9E99C /* Sources */ = {
			isa = PBXSourcesBuildPhase;
			buildActionMask = 2147483647;
			files = (
				BF29B675214079CD00C9E99C /* ViewController.swift in Sources */,
				BF29B6A1214079F200C9E99C /* test.swift in Sources */,
				BF29B673214079CC00C9E99C /* AppDelegate.swift in Sources */,
			);
			runOnlyForDeploymentPostprocessing = 0;
		};
		BF29B67F214079CD00C9E99C /* Sources */ = {
			isa = PBXSourcesBuildPhase;
			buildActionMask = 2147483647;
			files = (
				BF29B688214079CD00C9E99C /* testTests.swift in Sources */,
			);
			runOnlyForDeploymentPostprocessing = 0;
		};
		BF29B68A214079CD00C9E99C /* Sources */ = {
			isa = PBXSourcesBuildPhase;
			buildActionMask = 2147483647;
			files = (
				BF29B693214079CD00C9E99C /* testUITests.swift in Sources */,
			);
			runOnlyForDeploymentPostprocessing = 0;
		};
/* End PBXSourcesBuildPhase section */

/* Begin PBXTargetDependency section */
		BF29B685214079CD00C9E99C /* PBXTargetDependency */ = {
			isa = PBXTargetDependency;
			target = BF29B66E214079CC00C9E99C /* test */;
			targetProxy = BF29B684214079CD00C9E99C /* PBXContainerItemProxy */;
		};
		BF29B690214079CD00C9E99C /* PBXTargetDependency */ = {
			isa = PBXTargetDependency;
			target = BF29B66E214079CC00C9E99C /* test */;
			targetProxy = BF29B68F214079CD00C9E99C /* PBXContainerItemProxy */;
		};
/* End PBXTargetDependency section */

/* Begin PBXVariantGroup section */
		BF29B676214079CD00C9E99C /* Main.storyboard */ = {
			isa = PBXVariantGroup;
			children = (
				BF29B677214079CD00C9E99C /* Base */,
			);
			name = Main.storyboard;
			sourceTree = "<group>";
		};
		BF29B67B214079CD00C9E99C /* LaunchScreen.storyboard */ = {
			isa = PBXVariantGroup;
			children = (
				BF29B67C214079CD00C9E99C /* Base */,
			);
			name = LaunchScreen.storyboard;
			sourceTree = "<group>";
		};
/* End PBXVariantGroup section */

/* Begin XCBuildConfiguration section */
		BF29B695214079CD00C9E99C /* Debug */ = {
			isa = XCBuildConfiguration;
			buildSettings = {
				ALWAYS_SEARCH_USER_PATHS = NO;
				CLANG_ANALYZER_NONNULL = YES;
				CLANG_ANALYZER_NUMBER_OBJECT_CONVERSION = YES_AGGRESSIVE;
				CLANG_CXX_LANGUAGE_STANDARD = "gnu++14";
				CLANG_CXX_LIBRARY = "libc++";
				CLANG_ENABLE_MODULES = YES;
				CLANG_ENABLE_OBJC_ARC = YES;
				CLANG_ENABLE_OBJC_WEAK = YES;
				CLANG_WARN_BLOCK_CAPTURE_AUTORELEASING = YES;
				CLANG_WARN_BOOL_CONVERSION = YES;
				CLANG_WARN_COMMA = YES;
				CLANG_WARN_CONSTANT_CONVERSION = YES;
				CLANG_WARN_DEPRECATED_OBJC_IMPLEMENTATIONS = YES;
				CLANG_WARN_DIRECT_OBJC_ISA_USAGE = YES_ERROR;
				CLANG_WARN_DOCUMENTATION_COMMENTS = YES;
				CLANG_WARN_EMPTY_BODY = YES;
				CLANG_WARN_ENUM_CONVERSION = YES;
				CLANG_WARN_INFINITE_RECURSION = YES;
				CLANG_WARN_INT_CONVERSION = YES;
				CLANG_WARN_NON_LITERAL_NULL_CONVERSION = YES;
				CLANG_WARN_OBJC_IMPLICIT_RETAIN_SELF = YES;
				CLANG_WARN_OBJC_LITERAL_CONVERSION = YES;
				CLANG_WARN_OBJC_ROOT_CLASS = YES_ERROR;
				CLANG_WARN_RANGE_LOOP_ANALYSIS = YES;
				CLANG_WARN_STRICT_PROTOTYPES = YES;
				CLANG_WARN_SUSPICIOUS_MOVE = YES;
				CLANG_WARN_UNGUARDED_AVAILABILITY = YES_AGGRESSIVE;
				CLANG_WARN_UNREACHABLE_CODE = YES;
				CLANG_WARN__DUPLICATE_METHOD_MATCH = YES;
				CODE_SIGN_IDENTITY = "iPhone Developer";
				COPY_PHASE_STRIP = NO;
				DEBUG_INFORMATION_FORMAT = dwarf;
				ENABLE_STRICT_OBJC_MSGSEND = YES;
				ENABLE_TESTABILITY = YES;
				GCC_C_LANGUAGE_STANDARD = gnu11;
				GCC_DYNAMIC_NO_PIC = NO;
				GCC_NO_COMMON_BLOCKS = YES;
				GCC_OPTIMIZATION_LEVEL = 0;
				GCC_PREPROCESSOR_DEFINITIONS = (
					"DEBUG=1",
					"$(inherited)",
				);
				GCC_WARN_64_TO_32_BIT_CONVERSION = YES;
				GCC_WARN_ABOUT_RETURN_TYPE = YES_ERROR;
				GCC_WARN_UNDECLARED_SELECTOR = YES;
				GCC_WARN_UNINITIALIZED_AUTOS = YES_AGGRESSIVE;
				GCC_WARN_UNUSED_FUNCTION = YES;
				GCC_WARN_UNUSED_VARIABLE = YES;
				IPHONEOS_DEPLOYMENT_TARGET = 11.4;
				MTL_ENABLE_DEBUG_INFO = YES;
				ONLY_ACTIVE_ARCH = YES;
				SDKROOT = iphoneos;
				SWIFT_ACTIVE_COMPILATION_CONDITIONS = DEBUG;
				SWIFT_OPTIMIZATION_LEVEL = "-Onone";
			};
			name = Debug;
		};
		BF29B696214079CD00C9E99C /* Release */ = {
			isa = XCBuildConfiguration;
			buildSettings = {
				ALWAYS_SEARCH_USER_PATHS = NO;
				CLANG_ANALYZER_NONNULL = YES;
				CLANG_ANALYZER_NUMBER_OBJECT_CONVERSION = YES_AGGRESSIVE;
				CLANG_CXX_LANGUAGE_STANDARD = "gnu++14";
				CLANG_CXX_LIBRARY = "libc++";
				CLANG_ENABLE_MODULES = YES;
				CLANG_ENABLE_OBJC_ARC = YES;
				CLANG_ENABLE_OBJC_WEAK = YES;
				CLANG_WARN_BLOCK_CAPTURE_AUTORELEASING = YES;
				CLANG_WARN_BOOL_CONVERSION = YES;
				CLANG_WARN_COMMA = YES;
				CLANG_WARN_CONSTANT_CONVERSION = YES;
				CLANG_WARN_DEPRECATED_OBJC_IMPLEMENTATIONS = YES;
				CLANG_WARN_DIRECT_OBJC_ISA_USAGE = YES_ERROR;
				CLANG_WARN_DOCUMENTATION_COMMENTS = YES;
				CLANG_WARN_EMPTY_BODY = YES;
				CLANG_WARN_ENUM_CONVERSION = YES;
				CLANG_WARN_INFINITE_RECURSION = YES;
				CLANG_WARN_INT_CONVERSION = YES;
				CLANG_WARN_NON_LITERAL_NULL_CONVERSION = YES;
				CLANG_WARN_OBJC_IMPLICIT_RETAIN_SELF = YES;
				CLANG_WARN_OBJC_LITERAL_CONVERSION = YES;
				CLANG_WARN_OBJC_ROOT_CLASS = YES_ERROR;
				CLANG_WARN_RANGE_LOOP_ANALYSIS = YES;
				CLANG_WARN_STRICT_PROTOTYPES = YES;
				CLANG_WARN_SUSPICIOUS_MOVE = YES;
				CLANG_WARN_UNGUARDED_AVAILABILITY = YES_AGGRESSIVE;
				CLANG_WARN_UNREACHABLE_CODE = YES;
				CLANG_WARN__DUPLICATE_METHOD_MATCH = YES;
				CODE_SIGN_IDENTITY = "iPhone Developer";
				COPY_PHASE_STRIP = NO;
				DEBUG_INFORMATION_FORMAT = "dwarf-with-dsym";
				ENABLE_NS_ASSERTIONS = NO;
				ENABLE_STRICT_OBJC_MSGSEND = YES;
				GCC_C_LANGUAGE_STANDARD = gnu11;
				GCC_NO_COMMON_BLOCKS = YES;
				GCC_WARN_64_TO_32_BIT_CONVERSION = YES;
				GCC_WARN_ABOUT_RETURN_TYPE = YES_ERROR;
				GCC_WARN_UNDECLARED_SELECTOR = YES;
				GCC_WARN_UNINITIALIZED_AUTOS = YES_AGGRESSIVE;
				GCC_WARN_UNUSED_FUNCTION = YES;
				GCC_WARN_UNUSED_VARIABLE = YES;
				IPHONEOS_DEPLOYMENT_TARGET = 11.4;
				MTL_ENABLE_DEBUG_INFO = NO;
				SDKROOT = iphoneos;
				SWIFT_COMPILATION_MODE = wholemodule;
				SWIFT_OPTIMIZATION_LEVEL = "-O";
				VALIDATE_PRODUCT = YES;
			};
			name = Release;
		};
		BF29B698214079CD00C9E99C /* Debug */ = {
			isa = XCBuildConfiguration;
			buildSettings = {
				ASSETCATALOG_COMPILER_APPICON_NAME = AppIcon;
				CODE_SIGN_STYLE = Automatic;
				DEVELOPMENT_TEAM = "";
				INFOPLIST_FILE = test/Info.plist;
				LD_RUNPATH_SEARCH_PATHS = (
					"$(inherited)",
					"@executable_path/Frameworks",
				);
				PRODUCT_BUNDLE_IDENTIFIER = Adriandgzg.test;
				PRODUCT_NAME = "$(TARGET_NAME)";
				SWIFT_VERSION = 4.0;
				TARGETED_DEVICE_FAMILY = "1,2";
			};
			name = Debug;
		};
		BF29B699214079CD00C9E99C /* Release */ = {
			isa = XCBuildConfiguration;
			buildSettings = {
				ASSETCATALOG_COMPILER_APPICON_NAME = AppIcon;
				CODE_SIGN_STYLE = Automatic;
				DEVELOPMENT_TEAM = "";
				INFOPLIST_FILE = test/Info.plist;
				LD_RUNPATH_SEARCH_PATHS = (
					"$(inherited)",
					"@executable_path/Frameworks",
				);
				PRODUCT_BUNDLE_IDENTIFIER = Adriandgzg.test;
				PRODUCT_NAME = "$(TARGET_NAME)";
				SWIFT_VERSION = 4.0;
				TARGETED_DEVICE_FAMILY = "1,2";
			};
			name = Release;
		};
		BF29B69B214079CD00C9E99C /* Debug */ = {
			isa = XCBuildConfiguration;
			buildSettings = {
				ALWAYS_EMBED_SWIFT_STANDARD_LIBRARIES = YES;
				BUNDLE_LOADER = "$(TEST_HOST)";
				CODE_SIGN_STYLE = Automatic;
				INFOPLIST_FILE = testTests/Info.plist;
				LD_RUNPATH_SEARCH_PATHS = (
					"$(inherited)",
					"@executable_path/Frameworks",
					"@loader_path/Frameworks",
				);
				PRODUCT_BUNDLE_IDENTIFIER = Adriandgzg.testTests;
				PRODUCT_NAME = "$(TARGET_NAME)";
				SWIFT_VERSION = 4.0;
				TARGETED_DEVICE_FAMILY = "1,2";
				TEST_HOST = "$(BUILT_PRODUCTS_DIR)/test.app/test";
			};
			name = Debug;
		};
		BF29B69C214079CD00C9E99C /* Release */ = {
			isa = XCBuildConfiguration;
			buildSettings = {
				ALWAYS_EMBED_SWIFT_STANDARD_LIBRARIES = YES;
				BUNDLE_LOADER = "$(TEST_HOST)";
				CODE_SIGN_STYLE = Automatic;
				INFOPLIST_FILE = testTests/Info.plist;
				LD_RUNPATH_SEARCH_PATHS = (
					"$(inherited)",
					"@executable_path/Frameworks",
					"@loader_path/Frameworks",
				);
				PRODUCT_BUNDLE_IDENTIFIER = Adriandgzg.testTests;
				PRODUCT_NAME = "$(TARGET_NAME)";
				SWIFT_VERSION = 4.0;
				TARGETED_DEVICE_FAMILY = "1,2";
				TEST_HOST = "$(BUILT_PRODUCTS_DIR)/test.app/test";
			};
			name = Release;
		};
		BF29B69E214079CD00C9E99C /* Debug */ = {
			isa = XCBuildConfiguration;
			buildSettings = {
				ALWAYS_EMBED_SWIFT_STANDARD_LIBRARIES = YES;
				CODE_SIGN_STYLE = Automatic;
				INFOPLIST_FILE = testUITests/Info.plist;
				LD_RUNPATH_SEARCH_PATHS = (
					"$(inherited)",
					"@executable_path/Frameworks",
					"@loader_path/Frameworks",
				);
				PRODUCT_BUNDLE_IDENTIFIER = Adriandgzg.testUITests;
				PRODUCT_NAME = "$(TARGET_NAME)";
				SWIFT_VERSION = 4.0;
				TARGETED_DEVICE_FAMILY = "1,2";
				TEST_TARGET_NAME = test;
			};
			name = Debug;
		};
		BF29B69F214079CD00C9E99C /* Release */ = {
			isa = XCBuildConfiguration;
			buildSettings = {
				ALWAYS_EMBED_SWIFT_STANDARD_LIBRARIES = YES;
				CODE_SIGN_STYLE = Automatic;
				INFOPLIST_FILE = testUITests/Info.plist;
				LD_RUNPATH_SEARCH_PATHS = (
					"$(inherited)",
					"@executable_path/Frameworks",
					"@loader_path/Frameworks",
				);
				PRODUCT_BUNDLE_IDENTIFIER = Adriandgzg.testUITests;
				PRODUCT_NAME = "$(TARGET_NAME)";
				SWIFT_VERSION = 4.0;
				TARGETED_DEVICE_FAMILY = "1,2";
				TEST_TARGET_NAME = test;
			};
			name = Release;
		};
/* End XCBuildConfiguration section */

/* Begin XCConfigurationList section */
		BF29B66A214079CC00C9E99C /* Build configuration list for PBXProject "test" */ = {
			isa = XCConfigurationList;
			buildConfigurations = (
				BF29B695214079CD00C9E99C /* Debug */,
				BF29B696214079CD00C9E99C /* Release */,
			);
			defaultConfigurationIsVisible = 0;
			defaultConfigurationName = Release;
		};
		BF29B697214079CD00C9E99C /* Build configuration list for PBXNativeTarget "test" */ = {
			isa = XCConfigurationList;
			buildConfigurations = (
				BF29B698214079CD00C9E99C /* Debug */,
				BF29B699214079CD00C9E99C /* Release */,
			);
			defaultConfigurationIsVisible = 0;
			defaultConfigurationName = Release;
		};
		BF29B69A214079CD00C9E99C /* Build configuration list for PBXNativeTarget "testTests" */ = {
			isa = XCConfigurationList;
			buildConfigurations = (
				BF29B69B214079CD00C9E99C /* Debug */,
				BF29B69C214079CD00C9E99C /* Release */,
			);
			defaultConfigurationIsVisible = 0;
			defaultConfigurationName = Release;
		};
		BF29B69D214079CD00C9E99C /* Build configuration list for PBXNativeTarget "testUITests" */ = {
			isa = XCConfigurationList;
			buildConfigurations = (
				BF29B69E214079CD00C9E99C /* Debug */,
				BF29B69F214079CD00C9E99C /* Release */,
			);
			defaultConfigurationIsVisible = 0;
			defaultConfigurationName = Release;
		};
/* End XCConfigurationList section */
	};
	rootObject = BF29B667214079CC00C9E99C /* Project object */;
}
