// !$*UTF8*$!
{
	archiveVersion = 1;
	classes = {
	};
	objectVersion = 48;
	objects = {

/* Begin PBXBuildFile section */
		BF25103B2125011E0029FFAC /* AppDelegate.swift in Sources */ = {isa = PBXBuildFile; fileRef = BF25103A2125011E0029FFAC /* AppDelegate.swift */; };
		BF25103D2125011E0029FFAC /* ViewController.swift in Sources */ = {isa = PBXBuildFile; fileRef = BF25103C2125011E0029FFAC /* ViewController.swift */; };
		BF2510402125011E0029FFAC /* Main.storyboard in Resources */ = {isa = PBXBuildFile; fileRef = BF25103E2125011E0029FFAC /* Main.storyboard */; };
		BF2510422125011E0029FFAC /* Assets.xcassets in Resources */ = {isa = PBXBuildFile; fileRef = BF2510412125011E0029FFAC /* Assets.xcassets */; };
		BF2510452125011E0029FFAC /* LaunchScreen.storyboard in Resources */ = {isa = PBXBuildFile; fileRef = BF2510432125011E0029FFAC /* LaunchScreen.storyboard */; };
		BF2510502125011E0029FFAC /* passDataTests.swift in Sources */ = {isa = PBXBuildFile; fileRef = BF25104F2125011E0029FFAC /* passDataTests.swift */; };
		BF25105B2125011E0029FFAC /* passDataUITests.swift in Sources */ = {isa = PBXBuildFile; fileRef = BF25105A2125011E0029FFAC /* passDataUITests.swift */; };
		BF251069212501620029FFAC /* ViewControllerB.swift in Sources */ = {isa = PBXBuildFile; fileRef = BF251068212501620029FFAC /* ViewControllerB.swift */; };
/* End PBXBuildFile section */

/* Begin PBXContainerItemProxy section */
		BF25104C2125011E0029FFAC /* PBXContainerItemProxy */ = {
			isa = PBXContainerItemProxy;
			containerPortal = BF25102F2125011E0029FFAC /* Project object */;
			proxyType = 1;
			remoteGlobalIDString = BF2510362125011E0029FFAC;
			remoteInfo = passData;
		};
		BF2510572125011E0029FFAC /* PBXContainerItemProxy */ = {
			isa = PBXContainerItemProxy;
			containerPortal = BF25102F2125011E0029FFAC /* Project object */;
			proxyType = 1;
			remoteGlobalIDString = BF2510362125011E0029FFAC;
			remoteInfo = passData;
		};
/* End PBXContainerItemProxy section */

/* Begin PBXFileReference section */
		BF2510372125011E0029FFAC /* passData.app */ = {isa = PBXFileReference; explicitFileType = wrapper.application; includeInIndex = 0; path = passData.app; sourceTree = BUILT_PRODUCTS_DIR; };
		BF25103A2125011E0029FFAC /* AppDelegate.swift */ = {isa = PBXFileReference; lastKnownFileType = sourcecode.swift; path = AppDelegate.swift; sourceTree = "<group>"; };
		BF25103C2125011E0029FFAC /* ViewController.swift */ = {isa = PBXFileReference; lastKnownFileType = sourcecode.swift; path = ViewController.swift; sourceTree = "<group>"; };
		BF25103F2125011E0029FFAC /* Base */ = {isa = PBXFileReference; lastKnownFileType = file.storyboard; name = Base; path = Base.lproj/Main.storyboard; sourceTree = "<group>"; };
		BF2510412125011E0029FFAC /* Assets.xcassets */ = {isa = PBXFileReference; lastKnownFileType = folder.assetcatalog; path = Assets.xcassets; sourceTree = "<group>"; };
		BF2510442125011E0029FFAC /* Base */ = {isa = PBXFileReference; lastKnownFileType = file.storyboard; name = Base; path = Base.lproj/LaunchScreen.storyboard; sourceTree = "<group>"; };
		BF2510462125011E0029FFAC /* Info.plist */ = {isa = PBXFileReference; lastKnownFileType = text.plist.xml; path = Info.plist; sourceTree = "<group>"; };
		BF25104B2125011E0029FFAC /* passDataTests.xctest */ = {isa = PBXFileReference; explicitFileType = wrapper.cfbundle; includeInIndex = 0; path = passDataTests.xctest; sourceTree = BUILT_PRODUCTS_DIR; };
		BF25104F2125011E0029FFAC /* passDataTests.swift */ = {isa = PBXFileReference; lastKnownFileType = sourcecode.swift; path = passDataTests.swift; sourceTree = "<group>"; };
		BF2510512125011E0029FFAC /* Info.plist */ = {isa = PBXFileReference; lastKnownFileType = text.plist.xml; path = Info.plist; sourceTree = "<group>"; };
		BF2510562125011E0029FFAC /* passDataUITests.xctest */ = {isa = PBXFileReference; explicitFileType = wrapper.cfbundle; includeInIndex = 0; path = passDataUITests.xctest; sourceTree = BUILT_PRODUCTS_DIR; };
		BF25105A2125011E0029FFAC /* passDataUITests.swift */ = {isa = PBXFileReference; lastKnownFileType = sourcecode.swift; path = passDataUITests.swift; sourceTree = "<group>"; };
		BF25105C2125011E0029FFAC /* Info.plist */ = {isa = PBXFileReference; lastKnownFileType = text.plist.xml; path = Info.plist; sourceTree = "<group>"; };
		BF251068212501620029FFAC /* ViewControllerB.swift */ = {isa = PBXFileReference; lastKnownFileType = sourcecode.swift; path = ViewControllerB.swift; sourceTree = "<group>"; };
/* End PBXFileReference section */

/* Begin PBXFrameworksBuildPhase section */
		BF2510342125011E0029FFAC /* Frameworks */ = {
			isa = PBXFrameworksBuildPhase;
			buildActionMask = 2147483647;
			files = (
			);
			runOnlyForDeploymentPostprocessing = 0;
		};
		BF2510482125011E0029FFAC /* Frameworks */ = {
			isa = PBXFrameworksBuildPhase;
			buildActionMask = 2147483647;
			files = (
			);
			runOnlyForDeploymentPostprocessing = 0;
		};
		BF2510532125011E0029FFAC /* Frameworks */ = {
			isa = PBXFrameworksBuildPhase;
			buildActionMask = 2147483647;
			files = (
			);
			runOnlyForDeploymentPostprocessing = 0;
		};
/* End PBXFrameworksBuildPhase section */

/* Begin PBXGroup section */
		BF25102E2125011E0029FFAC = {
			isa = PBXGroup;
			children = (
				BF2510392125011E0029FFAC /* passData */,
				BF25104E2125011E0029FFAC /* passDataTests */,
				BF2510592125011E0029FFAC /* passDataUITests */,
				BF2510382125011E0029FFAC /* Products */,
			);
			sourceTree = "<group>";
		};
		BF2510382125011E0029FFAC /* Products */ = {
			isa = PBXGroup;
			children = (
				BF2510372125011E0029FFAC /* passData.app */,
				BF25104B2125011E0029FFAC /* passDataTests.xctest */,
				BF2510562125011E0029FFAC /* passDataUITests.xctest */,
			);
			name = Products;
			sourceTree = "<group>";
		};
		BF2510392125011E0029FFAC /* passData */ = {
			isa = PBXGroup;
			children = (
				BF25103A2125011E0029FFAC /* AppDelegate.swift */,
				BF25103C2125011E0029FFAC /* ViewController.swift */,
				BF251068212501620029FFAC /* ViewControllerB.swift */,
				BF25103E2125011E0029FFAC /* Main.storyboard */,
				BF2510412125011E0029FFAC /* Assets.xcassets */,
				BF2510432125011E0029FFAC /* LaunchScreen.storyboard */,
				BF2510462125011E0029FFAC /* Info.plist */,
			);
			path = passData;
			sourceTree = "<group>";
		};
		BF25104E2125011E0029FFAC /* passDataTests */ = {
			isa = PBXGroup;
			children = (
				BF25104F2125011E0029FFAC /* passDataTests.swift */,
				BF2510512125011E0029FFAC /* Info.plist */,
			);
			path = passDataTests;
			sourceTree = "<group>";
		};
		BF2510592125011E0029FFAC /* passDataUITests */ = {
			isa = PBXGroup;
			children = (
				BF25105A2125011E0029FFAC /* passDataUITests.swift */,
				BF25105C2125011E0029FFAC /* Info.plist */,
			);
			path = passDataUITests;
			sourceTree = "<group>";
		};
/* End PBXGroup section */

/* Begin PBXNativeTarget section */
		BF2510362125011E0029FFAC /* passData */ = {
			isa = PBXNativeTarget;
			buildConfigurationList = BF25105F2125011E0029FFAC /* Build configuration list for PBXNativeTarget "passData" */;
			buildPhases = (
				BF2510332125011E0029FFAC /* Sources */,
				BF2510342125011E0029FFAC /* Frameworks */,
				BF2510352125011E0029FFAC /* Resources */,
			);
			buildRules = (
			);
			dependencies = (
			);
			name = passData;
			productName = passData;
			productReference = BF2510372125011E0029FFAC /* passData.app */;
			productType = "com.apple.product-type.application";
		};
		BF25104A2125011E0029FFAC /* passDataTests */ = {
			isa = PBXNativeTarget;
			buildConfigurationList = BF2510622125011E0029FFAC /* Build configuration list for PBXNativeTarget "passDataTests" */;
			buildPhases = (
				BF2510472125011E0029FFAC /* Sources */,
				BF2510482125011E0029FFAC /* Frameworks */,
				BF2510492125011E0029FFAC /* Resources */,
			);
			buildRules = (
			);
			dependencies = (
				BF25104D2125011E0029FFAC /* PBXTargetDependency */,
			);
			name = passDataTests;
			productName = passDataTests;
			productReference = BF25104B2125011E0029FFAC /* passDataTests.xctest */;
			productType = "com.apple.product-type.bundle.unit-test";
		};
		BF2510552125011E0029FFAC /* passDataUITests */ = {
			isa = PBXNativeTarget;
			buildConfigurationList = BF2510652125011E0029FFAC /* Build configuration list for PBXNativeTarget "passDataUITests" */;
			buildPhases = (
				BF2510522125011E0029FFAC /* Sources */,
				BF2510532125011E0029FFAC /* Frameworks */,
				BF2510542125011E0029FFAC /* Resources */,
			);
			buildRules = (
			);
			dependencies = (
				BF2510582125011E0029FFAC /* PBXTargetDependency */,
			);
			name = passDataUITests;
			productName = passDataUITests;
			productReference = BF2510562125011E0029FFAC /* passDataUITests.xctest */;
			productType = "com.apple.product-type.bundle.ui-testing";
		};
/* End PBXNativeTarget section */

/* Begin PBXProject section */
		BF25102F2125011E0029FFAC /* Project object */ = {
			isa = PBXProject;
			attributes = {
				LastSwiftUpdateCheck = 0920;
				LastUpgradeCheck = 0920;
				ORGANIZATIONNAME = "Adrian Pascual Dominguez";
				TargetAttributes = {
					BF2510362125011E0029FFAC = {
						CreatedOnToolsVersion = 9.2;
						ProvisioningStyle = Automatic;
					};
					BF25104A2125011E0029FFAC = {
						CreatedOnToolsVersion = 9.2;
						ProvisioningStyle = Automatic;
						TestTargetID = BF2510362125011E0029FFAC;
					};
					BF2510552125011E0029FFAC = {
						CreatedOnToolsVersion = 9.2;
						ProvisioningStyle = Automatic;
						TestTargetID = BF2510362125011E0029FFAC;
					};
				};
			};
			buildConfigurationList = BF2510322125011E0029FFAC /* Build configuration list for PBXProject "passData" */;
			compatibilityVersion = "Xcode 8.0";
			developmentRegion = en;
			hasScannedForEncodings = 0;
			knownRegions = (
				en,
				Base,
			);
			mainGroup = BF25102E2125011E0029FFAC;
			productRefGroup = BF2510382125011E0029FFAC /* Products */;
			projectDirPath = "";
			projectRoot = "";
			targets = (
				BF2510362125011E0029FFAC /* passData */,
				BF25104A2125011E0029FFAC /* passDataTests */,
				BF2510552125011E0029FFAC /* passDataUITests */,
			);
		};
/* End PBXProject section */

/* Begin PBXResourcesBuildPhase section */
		BF2510352125011E0029FFAC /* Resources */ = {
			isa = PBXResourcesBuildPhase;
			buildActionMask = 2147483647;
			files = (
				BF2510452125011E0029FFAC /* LaunchScreen.storyboard in Resources */,
				BF2510422125011E0029FFAC /* Assets.xcassets in Resources */,
				BF2510402125011E0029FFAC /* Main.storyboard in Resources */,
			);
			runOnlyForDeploymentPostprocessing = 0;
		};
		BF2510492125011E0029FFAC /* Resources */ = {
			isa = PBXResourcesBuildPhase;
			buildActionMask = 2147483647;
			files = (
			);
			runOnlyForDeploymentPostprocessing = 0;
		};
		BF2510542125011E0029FFAC /* Resources */ = {
			isa = PBXResourcesBuildPhase;
			buildActionMask = 2147483647;
			files = (
			);
			runOnlyForDeploymentPostprocessing = 0;
		};
/* End PBXResourcesBuildPhase section */

/* Begin PBXSourcesBuildPhase section */
		BF2510332125011E0029FFAC /* Sources */ = {
			isa = PBXSourcesBuildPhase;
			buildActionMask = 2147483647;
			files = (
				BF251069212501620029FFAC /* ViewControllerB.swift in Sources */,
				BF25103D2125011E0029FFAC /* ViewController.swift in Sources */,
				BF25103B2125011E0029FFAC /* AppDelegate.swift in Sources */,
			);
			runOnlyForDeploymentPostprocessing = 0;
		};
		BF2510472125011E0029FFAC /* Sources */ = {
			isa = PBXSourcesBuildPhase;
			buildActionMask = 2147483647;
			files = (
				BF2510502125011E0029FFAC /* passDataTests.swift in Sources */,
			);
			runOnlyForDeploymentPostprocessing = 0;
		};
		BF2510522125011E0029FFAC /* Sources */ = {
			isa = PBXSourcesBuildPhase;
			buildActionMask = 2147483647;
			files = (
				BF25105B2125011E0029FFAC /* passDataUITests.swift in Sources */,
			);
			runOnlyForDeploymentPostprocessing = 0;
		};
/* End PBXSourcesBuildPhase section */

/* Begin PBXTargetDependency section */
		BF25104D2125011E0029FFAC /* PBXTargetDependency */ = {
			isa = PBXTargetDependency;
			target = BF2510362125011E0029FFAC /* passData */;
			targetProxy = BF25104C2125011E0029FFAC /* PBXContainerItemProxy */;
		};
		BF2510582125011E0029FFAC /* PBXTargetDependency */ = {
			isa = PBXTargetDependency;
			target = BF2510362125011E0029FFAC /* passData */;
			targetProxy = BF2510572125011E0029FFAC /* PBXContainerItemProxy */;
		};
/* End PBXTargetDependency section */

/* Begin PBXVariantGroup section */
		BF25103E2125011E0029FFAC /* Main.storyboard */ = {
			isa = PBXVariantGroup;
			children = (
				BF25103F2125011E0029FFAC /* Base */,
			);
			name = Main.storyboard;
			sourceTree = "<group>";
		};
		BF2510432125011E0029FFAC /* LaunchScreen.storyboard */ = {
			isa = PBXVariantGroup;
			children = (
				BF2510442125011E0029FFAC /* Base */,
			);
			name = LaunchScreen.storyboard;
			sourceTree = "<group>";
		};
/* End PBXVariantGroup section */

/* Begin XCBuildConfiguration section */
		BF25105D2125011E0029FFAC /* Debug */ = {
			isa = XCBuildConfiguration;
			buildSettings = {
				ALWAYS_SEARCH_USER_PATHS = NO;
				CLANG_ANALYZER_NONNULL = YES;
				CLANG_ANALYZER_NUMBER_OBJECT_CONVERSION = YES_AGGRESSIVE;
				CLANG_CXX_LANGUAGE_STANDARD = "gnu++14";
				CLANG_CXX_LIBRARY = "libc++";
				CLANG_ENABLE_MODULES = YES;
				CLANG_ENABLE_OBJC_ARC = YES;
				CLANG_WARN_BLOCK_CAPTURE_AUTORELEASING = YES;
				CLANG_WARN_BOOL_CONVERSION = YES;
				CLANG_WARN_COMMA = YES;
				CLANG_WARN_CONSTANT_CONVERSION = YES;
				CLANG_WARN_DIRECT_OBJC_ISA_USAGE = YES_ERROR;
				CLANG_WARN_DOCUMENTATION_COMMENTS = YES;
				CLANG_WARN_EMPTY_BODY = YES;
				CLANG_WARN_ENUM_CONVERSION = YES;
				CLANG_WARN_INFINITE_RECURSION = YES;
				CLANG_WARN_INT_CONVERSION = YES;
				CLANG_WARN_NON_LITERAL_NULL_CONVERSION = YES;
				CLANG_WARN_OBJC_LITERAL_CONVERSION = YES;
				CLANG_WARN_OBJC_ROOT_CLASS = YES_ERROR;
				CLANG_WARN_RANGE_LOOP_ANALYSIS = YES;
				CLANG_WARN_STRICT_PROTOTYPES = YES;
				CLANG_WARN_SUSPICIOUS_MOVE = YES;
				CLANG_WARN_UNGUARDED_AVAILABILITY = YES_AGGRESSIVE;
				CLANG_WARN_UNREACHABLE_CODE = YES;
				CLANG_WARN__DUPLICATE_METHOD_MATCH = YES;
				CODE_SIGN_IDENTITY = "iPhone Developer";
				COPY_PHASE_STRIP = NO;
				DEBUG_INFORMATION_FORMAT = dwarf;
				ENABLE_STRICT_OBJC_MSGSEND = YES;
				ENABLE_TESTABILITY = YES;
				GCC_C_LANGUAGE_STANDARD = gnu11;
				GCC_DYNAMIC_NO_PIC = NO;
				GCC_NO_COMMON_BLOCKS = YES;
				GCC_OPTIMIZATION_LEVEL = 0;
				GCC_PREPROCESSOR_DEFINITIONS = (
					"DEBUG=1",
					"$(inherited)",
				);
				GCC_WARN_64_TO_32_BIT_CONVERSION = YES;
				GCC_WARN_ABOUT_RETURN_TYPE = YES_ERROR;
				GCC_WARN_UNDECLARED_SELECTOR = YES;
				GCC_WARN_UNINITIALIZED_AUTOS = YES_AGGRESSIVE;
				GCC_WARN_UNUSED_FUNCTION = YES;
				GCC_WARN_UNUSED_VARIABLE = YES;
				IPHONEOS_DEPLOYMENT_TARGET = 11.2;
				MTL_ENABLE_DEBUG_INFO = YES;
				ONLY_ACTIVE_ARCH = YES;
				SDKROOT = iphoneos;
				SWIFT_ACTIVE_COMPILATION_CONDITIONS = DEBUG;
				SWIFT_OPTIMIZATION_LEVEL = "-Onone";
			};
			name = Debug;
		};
		BF25105E2125011E0029FFAC /* Release */ = {
			isa = XCBuildConfiguration;
			buildSettings = {
				ALWAYS_SEARCH_USER_PATHS = NO;
				CLANG_ANALYZER_NONNULL = YES;
				CLANG_ANALYZER_NUMBER_OBJECT_CONVERSION = YES_AGGRESSIVE;
				CLANG_CXX_LANGUAGE_STANDARD = "gnu++14";
				CLANG_CXX_LIBRARY = "libc++";
				CLANG_ENABLE_MODULES = YES;
				CLANG_ENABLE_OBJC_ARC = YES;
				CLANG_WARN_BLOCK_CAPTURE_AUTORELEASING = YES;
				CLANG_WARN_BOOL_CONVERSION = YES;
				CLANG_WARN_COMMA = YES;
				CLANG_WARN_CONSTANT_CONVERSION = YES;
				CLANG_WARN_DIRECT_OBJC_ISA_USAGE = YES_ERROR;
				CLANG_WARN_DOCUMENTATION_COMMENTS = YES;
				CLANG_WARN_EMPTY_BODY = YES;
				CLANG_WARN_ENUM_CONVERSION = YES;
				CLANG_WARN_INFINITE_RECURSION = YES;
				CLANG_WARN_INT_CONVERSION = YES;
				CLANG_WARN_NON_LITERAL_NULL_CONVERSION = YES;
				CLANG_WARN_OBJC_LITERAL_CONVERSION = YES;
				CLANG_WARN_OBJC_ROOT_CLASS = YES_ERROR;
				CLANG_WARN_RANGE_LOOP_ANALYSIS = YES;
				CLANG_WARN_STRICT_PROTOTYPES = YES;
				CLANG_WARN_SUSPICIOUS_MOVE = YES;
				CLANG_WARN_UNGUARDED_AVAILABILITY = YES_AGGRESSIVE;
				CLANG_WARN_UNREACHABLE_CODE = YES;
				CLANG_WARN__DUPLICATE_METHOD_MATCH = YES;
				CODE_SIGN_IDENTITY = "iPhone Developer";
				COPY_PHASE_STRIP = NO;
				DEBUG_INFORMATION_FORMAT = "dwarf-with-dsym";
				ENABLE_NS_ASSERTIONS = NO;
				ENABLE_STRICT_OBJC_MSGSEND = YES;
				GCC_C_LANGUAGE_STANDARD = gnu11;
				GCC_NO_COMMON_BLOCKS = YES;
				GCC_WARN_64_TO_32_BIT_CONVERSION = YES;
				GCC_WARN_ABOUT_RETURN_TYPE = YES_ERROR;
				GCC_WARN_UNDECLARED_SELECTOR = YES;
				GCC_WARN_UNINITIALIZED_AUTOS = YES_AGGRESSIVE;
				GCC_WARN_UNUSED_FUNCTION = YES;
				GCC_WARN_UNUSED_VARIABLE = YES;
				IPHONEOS_DEPLOYMENT_TARGET = 11.2;
				MTL_ENABLE_DEBUG_INFO = NO;
				SDKROOT = iphoneos;
				SWIFT_OPTIMIZATION_LEVEL = "-Owholemodule";
				VALIDATE_PRODUCT = YES;
			};
			name = Release;
		};
		BF2510602125011E0029FFAC /* Debug */ = {
			isa = XCBuildConfiguration;
			buildSettings = {
				ASSETCATALOG_COMPILER_APPICON_NAME = AppIcon;
				CODE_SIGN_STYLE = Automatic;
				DEVELOPMENT_TEAM = 6JE5PSQ4L9;
				INFOPLIST_FILE = passData/Info.plist;
				IPHONEOS_DEPLOYMENT_TARGET = 9.0;
				LD_RUNPATH_SEARCH_PATHS = "$(inherited) @executable_path/Frameworks";
				PRODUCT_BUNDLE_IDENTIFIER = Adriandgzg.passData;
				PRODUCT_NAME = "$(TARGET_NAME)";
				SWIFT_VERSION = 4.0;
				TARGETED_DEVICE_FAMILY = "1,2";
			};
			name = Debug;
		};
		BF2510612125011E0029FFAC /* Release */ = {
			isa = XCBuildConfiguration;
			buildSettings = {
				ASSETCATALOG_COMPILER_APPICON_NAME = AppIcon;
				CODE_SIGN_STYLE = Automatic;
				DEVELOPMENT_TEAM = 6JE5PSQ4L9;
				INFOPLIST_FILE = passData/Info.plist;
				IPHONEOS_DEPLOYMENT_TARGET = 9.0;
				LD_RUNPATH_SEARCH_PATHS = "$(inherited) @executable_path/Frameworks";
				PRODUCT_BUNDLE_IDENTIFIER = Adriandgzg.passData;
				PRODUCT_NAME = "$(TARGET_NAME)";
				SWIFT_VERSION = 4.0;
				TARGETED_DEVICE_FAMILY = "1,2";
			};
			name = Release;
		};
		BF2510632125011E0029FFAC /* Debug */ = {
			isa = XCBuildConfiguration;
			buildSettings = {
				ALWAYS_EMBED_SWIFT_STANDARD_LIBRARIES = YES;
				BUNDLE_LOADER = "$(TEST_HOST)";
				CODE_SIGN_STYLE = Automatic;
				DEVELOPMENT_TEAM = 6JE5PSQ4L9;
				INFOPLIST_FILE = passDataTests/Info.plist;
				LD_RUNPATH_SEARCH_PATHS = "$(inherited) @executable_path/Frameworks @loader_path/Frameworks";
				PRODUCT_BUNDLE_IDENTIFIER = Adriandgzg.passDataTests;
				PRODUCT_NAME = "$(TARGET_NAME)";
				SWIFT_VERSION = 4.0;
				TARGETED_DEVICE_FAMILY = "1,2";
				TEST_HOST = "$(BUILT_PRODUCTS_DIR)/passData.app/passData";
			};
			name = Debug;
		};
		BF2510642125011E0029FFAC /* Release */ = {
			isa = XCBuildConfiguration;
			buildSettings = {
				ALWAYS_EMBED_SWIFT_STANDARD_LIBRARIES = YES;
				BUNDLE_LOADER = "$(TEST_HOST)";
				CODE_SIGN_STYLE = Automatic;
				DEVELOPMENT_TEAM = 6JE5PSQ4L9;
				INFOPLIST_FILE = passDataTests/Info.plist;
				LD_RUNPATH_SEARCH_PATHS = "$(inherited) @executable_path/Frameworks @loader_path/Frameworks";
				PRODUCT_BUNDLE_IDENTIFIER = Adriandgzg.passDataTests;
				PRODUCT_NAME = "$(TARGET_NAME)";
				SWIFT_VERSION = 4.0;
				TARGETED_DEVICE_FAMILY = "1,2";
				TEST_HOST = "$(BUILT_PRODUCTS_DIR)/passData.app/passData";
			};
			name = Release;
		};
		BF2510662125011E0029FFAC /* Debug */ = {
			isa = XCBuildConfiguration;
			buildSettings = {
				ALWAYS_EMBED_SWIFT_STANDARD_LIBRARIES = YES;
				CODE_SIGN_STYLE = Automatic;
				DEVELOPMENT_TEAM = 6JE5PSQ4L9;
				INFOPLIST_FILE = passDataUITests/Info.plist;
				LD_RUNPATH_SEARCH_PATHS = "$(inherited) @executable_path/Frameworks @loader_path/Frameworks";
				PRODUCT_BUNDLE_IDENTIFIER = Adriandgzg.passDataUITests;
				PRODUCT_NAME = "$(TARGET_NAME)";
				SWIFT_VERSION = 4.0;
				TARGETED_DEVICE_FAMILY = "1,2";
				TEST_TARGET_NAME = passData;
			};
			name = Debug;
		};
		BF2510672125011E0029FFAC /* Release */ = {
			isa = XCBuildConfiguration;
			buildSettings = {
				ALWAYS_EMBED_SWIFT_STANDARD_LIBRARIES = YES;
				CODE_SIGN_STYLE = Automatic;
				DEVELOPMENT_TEAM = 6JE5PSQ4L9;
				INFOPLIST_FILE = passDataUITests/Info.plist;
				LD_RUNPATH_SEARCH_PATHS = "$(inherited) @executable_path/Frameworks @loader_path/Frameworks";
				PRODUCT_BUNDLE_IDENTIFIER = Adriandgzg.passDataUITests;
				PRODUCT_NAME = "$(TARGET_NAME)";
				SWIFT_VERSION = 4.0;
				TARGETED_DEVICE_FAMILY = "1,2";
				TEST_TARGET_NAME = passData;
			};
			name = Release;
		};
/* End XCBuildConfiguration section */

/* Begin XCConfigurationList section */
		BF2510322125011E0029FFAC /* Build configuration list for PBXProject "passData" */ = {
			isa = XCConfigurationList;
			buildConfigurations = (
				BF25105D2125011E0029FFAC /* Debug */,
				BF25105E2125011E0029FFAC /* Release */,
			);
			defaultConfigurationIsVisible = 0;
			defaultConfigurationName = Release;
		};
		BF25105F2125011E0029FFAC /* Build configuration list for PBXNativeTarget "passData" */ = {
			isa = XCConfigurationList;
			buildConfigurations = (
				BF2510602125011E0029FFAC /* Debug */,
				BF2510612125011E0029FFAC /* Release */,
			);
			defaultConfigurationIsVisible = 0;
			defaultConfigurationName = Release;
		};
		BF2510622125011E0029FFAC /* Build configuration list for PBXNativeTarget "passDataTests" */ = {
			isa = XCConfigurationList;
			buildConfigurations = (
				BF2510632125011E0029FFAC /* Debug */,
				BF2510642125011E0029FFAC /* Release */,
			);
			defaultConfigurationIsVisible = 0;
			defaultConfigurationName = Release;
		};
		BF2510652125011E0029FFAC /* Build configuration list for PBXNativeTarget "passDataUITests" */ = {
			isa = XCConfigurationList;
			buildConfigurations = (
				BF2510662125011E0029FFAC /* Debug */,
				BF2510672125011E0029FFAC /* Release */,
			);
			defaultConfigurationIsVisible = 0;
			defaultConfigurationName = Release;
		};
/* End XCConfigurationList section */
	};
	rootObject = BF25102F2125011E0029FFAC /* Project object */;
}
